<Solution>
  <Folder Name="/src/">
    <Project Path="src/CreditScanAI.Api/CreditScanAI.Api.csproj" />
    <Project Path="src/CreditScanAI.Domain/CreditScanAI.Domain.csproj" />
    <Project Path="src/CreditScanAI.Infrastructure/CreditScanAI.Infrastructure.csproj" />
  </Folder>
  <Folder Name="/tests/">
    <Project Path="tests/CreditScanAI.Tests/CreditScanAI.Tests.csproj" />
  </Folder>
</Solution>
